// !$*UTF8*$!
{
	archiveVersion = 1;
	classes = {
	};
	objectVersion = 50;
	objects = {

/* Begin PBXBuildFile section */
		41679E52221553B400DAD048 /* AppDelegate.swift in Sources */ = {isa = PBXBuildFile; fileRef = 41679E51221553B400DAD048 /* AppDelegate.swift */; };
		41679E54221553B400DAD048 /* ViewController.swift in Sources */ = {isa = PBXBuildFile; fileRef = 41679E53221553B400DAD048 /* ViewController.swift */; };
		41679E57221553B400DAD048 /* Main.storyboard in Resources */ = {isa = PBXBuildFile; fileRef = 41679E55221553B400DAD048 /* Main.storyboard */; };
		41679E59221553B700DAD048 /* Assets.xcassets in Resources */ = {isa = PBXBuildFile; fileRef = 41679E58221553B700DAD048 /* Assets.xcassets */; };
		41679E5C221553B700DAD048 /* LaunchScreen.storyboard in Resources */ = {isa = PBXBuildFile; fileRef = 41679E5A221553B700DAD048 /* LaunchScreen.storyboard */; };
		41679E67221553B800DAD048 /* SnoozeLNTests.swift in Sources */ = {isa = PBXBuildFile; fileRef = 41679E66221553B800DAD048 /* SnoozeLNTests.swift */; };
		41679E72221553B800DAD048 /* SnoozeLNUITests.swift in Sources */ = {isa = PBXBuildFile; fileRef = 41679E71221553B800DAD048 /* SnoozeLNUITests.swift */; };
/* End PBXBuildFile section */

/* Begin PBXContainerItemProxy section */
		41679E63221553B700DAD048 /* PBXContainerItemProxy */ = {
			isa = PBXContainerItemProxy;
			containerPortal = 41679E46221553B400DAD048 /* Project object */;
			proxyType = 1;
			remoteGlobalIDString = 41679E4D221553B400DAD048;
			remoteInfo = SnoozeLN;
		};
		41679E6E221553B800DAD048 /* PBXContainerItemProxy */ = {
			isa = PBXContainerItemProxy;
			containerPortal = 41679E46221553B400DAD048 /* Project object */;
			proxyType = 1;
			remoteGlobalIDString = 41679E4D221553B400DAD048;
			remoteInfo = SnoozeLN;
		};
/* End PBXContainerItemProxy section */

/* Begin PBXFileReference section */
		41679E4E221553B400DAD048 /* SnoozeLN.app */ = {isa = PBXFileReference; explicitFileType = wrapper.application; includeInIndex = 0; path = SnoozeLN.app; sourceTree = BUILT_PRODUCTS_DIR; };
		41679E51221553B400DAD048 /* AppDelegate.swift */ = {isa = PBXFileReference; lastKnownFileType = sourcecode.swift; path = AppDelegate.swift; sourceTree = "<group>"; };
		41679E53221553B400DAD048 /* ViewController.swift */ = {isa = PBXFileReference; lastKnownFileType = sourcecode.swift; path = ViewController.swift; sourceTree = "<group>"; };
		41679E56221553B400DAD048 /* Base */ = {isa = PBXFileReference; lastKnownFileType = file.storyboard; name = Base; path = Base.lproj/Main.storyboard; sourceTree = "<group>"; };
		41679E58221553B700DAD048 /* Assets.xcassets */ = {isa = PBXFileReference; lastKnownFileType = folder.assetcatalog; path = Assets.xcassets; sourceTree = "<group>"; };
		41679E5B221553B700DAD048 /* Base */ = {isa = PBXFileReference; lastKnownFileType = file.storyboard; name = Base; path = Base.lproj/LaunchScreen.storyboard; sourceTree = "<group>"; };
		41679E5D221553B700DAD048 /* Info.plist */ = {isa = PBXFileReference; lastKnownFileType = text.plist.xml; path = Info.plist; sourceTree = "<group>"; };
		41679E62221553B700DAD048 /* SnoozeLNTests.xctest */ = {isa = PBXFileReference; explicitFileType = wrapper.cfbundle; includeInIndex = 0; path = SnoozeLNTests.xctest; sourceTree = BUILT_PRODUCTS_DIR; };
		41679E66221553B800DAD048 /* SnoozeLNTests.swift */ = {isa = PBXFileReference; lastKnownFileType = sourcecode.swift; path = SnoozeLNTests.swift; sourceTree = "<group>"; };
		41679E68221553B800DAD048 /* Info.plist */ = {isa = PBXFileReference; lastKnownFileType = text.plist.xml; path = Info.plist; sourceTree = "<group>"; };
		41679E6D221553B800DAD048 /* SnoozeLNUITests.xctest */ = {isa = PBXFileReference; explicitFileType = wrapper.cfbundle; includeInIndex = 0; path = SnoozeLNUITests.xctest; sourceTree = BUILT_PRODUCTS_DIR; };
		41679E71221553B800DAD048 /* SnoozeLNUITests.swift */ = {isa = PBXFileReference; lastKnownFileType = sourcecode.swift; path = SnoozeLNUITests.swift; sourceTree = "<group>"; };
		41679E73221553B800DAD048 /* Info.plist */ = {isa = PBXFileReference; lastKnownFileType = text.plist.xml; path = Info.plist; sourceTree = "<group>"; };
/* End PBXFileReference section */

/* Begin PBXFrameworksBuildPhase section */
		41679E4B221553B400DAD048 /* Frameworks */ = {
			isa = PBXFrameworksBuildPhase;
			buildActionMask = 2147483647;
			files = (
			);
			runOnlyForDeploymentPostprocessing = 0;
		};
		41679E5F221553B700DAD048 /* Frameworks */ = {
			isa = PBXFrameworksBuildPhase;
			buildActionMask = 2147483647;
			files = (
			);
			runOnlyForDeploymentPostprocessing = 0;
		};
		41679E6A221553B800DAD048 /* Frameworks */ = {
			isa = PBXFrameworksBuildPhase;
			buildActionMask = 2147483647;
			files = (
			);
			runOnlyForDeploymentPostprocessing = 0;
		};
/* End PBXFrameworksBuildPhase section */

/* Begin PBXGroup section */
		41679E45221553B400DAD048 = {
			isa = PBXGroup;
			children = (
				41679E50221553B400DAD048 /* SnoozeLN */,
				41679E65221553B800DAD048 /* SnoozeLNTests */,
				41679E70221553B800DAD048 /* SnoozeLNUITests */,
				41679E4F221553B400DAD048 /* Products */,
			);
			sourceTree = "<group>";
		};
		41679E4F221553B400DAD048 /* Products */ = {
			isa = PBXGroup;
			children = (
				41679E4E221553B400DAD048 /* SnoozeLN.app */,
				41679E62221553B700DAD048 /* SnoozeLNTests.xctest */,
				41679E6D221553B800DAD048 /* SnoozeLNUITests.xctest */,
			);
			name = Products;
			sourceTree = "<group>";
		};
		41679E50221553B400DAD048 /* SnoozeLN */ = {
			isa = PBXGroup;
			children = (
				41679E51221553B400DAD048 /* AppDelegate.swift */,
				41679E53221553B400DAD048 /* ViewController.swift */,
				41679E55221553B400DAD048 /* Main.storyboard */,
				41679E58221553B700DAD048 /* Assets.xcassets */,
				41679E5A221553B700DAD048 /* LaunchScreen.storyboard */,
				41679E5D221553B700DAD048 /* Info.plist */,
			);
			path = SnoozeLN;
			sourceTree = "<group>";
		};
		41679E65221553B800DAD048 /* SnoozeLNTests */ = {
			isa = PBXGroup;
			children = (
				41679E66221553B800DAD048 /* SnoozeLNTests.swift */,
				41679E68221553B800DAD048 /* Info.plist */,
			);
			path = SnoozeLNTests;
			sourceTree = "<group>";
		};
		41679E70221553B800DAD048 /* SnoozeLNUITests */ = {
			isa = PBXGroup;
			children = (
				41679E71221553B800DAD048 /* SnoozeLNUITests.swift */,
				41679E73221553B800DAD048 /* Info.plist */,
			);
			path = SnoozeLNUITests;
			sourceTree = "<group>";
		};
/* End PBXGroup section */

/* Begin PBXNativeTarget section */
		41679E4D221553B400DAD048 /* SnoozeLN */ = {
			isa = PBXNativeTarget;
			buildConfigurationList = 41679E76221553B800DAD048 /* Build configuration list for PBXNativeTarget "SnoozeLN" */;
			buildPhases = (
				41679E4A221553B400DAD048 /* Sources */,
				41679E4B221553B400DAD048 /* Frameworks */,
				41679E4C221553B400DAD048 /* Resources */,
			);
			buildRules = (
			);
			dependencies = (
			);
			name = SnoozeLN;
			productName = SnoozeLN;
			productReference = 41679E4E221553B400DAD048 /* SnoozeLN.app */;
			productType = "com.apple.product-type.application";
		};
		41679E61221553B700DAD048 /* SnoozeLNTests */ = {
			isa = PBXNativeTarget;
			buildConfigurationList = 41679E79221553B800DAD048 /* Build configuration list for PBXNativeTarget "SnoozeLNTests" */;
			buildPhases = (
				41679E5E221553B700DAD048 /* Sources */,
				41679E5F221553B700DAD048 /* Frameworks */,
				41679E60221553B700DAD048 /* Resources */,
			);
			buildRules = (
			);
			dependencies = (
				41679E64221553B700DAD048 /* PBXTargetDependency */,
			);
			name = SnoozeLNTests;
			productName = SnoozeLNTests;
			productReference = 41679E62221553B700DAD048 /* SnoozeLNTests.xctest */;
			productType = "com.apple.product-type.bundle.unit-test";
		};
		41679E6C221553B800DAD048 /* SnoozeLNUITests */ = {
			isa = PBXNativeTarget;
			buildConfigurationList = 41679E7C221553B800DAD048 /* Build configuration list for PBXNativeTarget "SnoozeLNUITests" */;
			buildPhases = (
				41679E69221553B800DAD048 /* Sources */,
				41679E6A221553B800DAD048 /* Frameworks */,
				41679E6B221553B800DAD048 /* Resources */,
			);
			buildRules = (
			);
			dependencies = (
				41679E6F221553B800DAD048 /* PBXTargetDependency */,
			);
			name = SnoozeLNUITests;
			productName = SnoozeLNUITests;
			productReference = 41679E6D221553B800DAD048 /* SnoozeLNUITests.xctest */;
			productType = "com.apple.product-type.bundle.ui-testing";
		};
/* End PBXNativeTarget section */

/* Begin PBXProject section */
		41679E46221553B400DAD048 /* Project object */ = {
			isa = PBXProject;
			attributes = {
				LastSwiftUpdateCheck = 1010;
				LastUpgradeCheck = 1010;
				ORGANIZATIONNAME = Govind;
				TargetAttributes = {
					41679E4D221553B400DAD048 = {
						CreatedOnToolsVersion = 10.1;
					};
					41679E61221553B700DAD048 = {
						CreatedOnToolsVersion = 10.1;
						TestTargetID = 41679E4D221553B400DAD048;
					};
					41679E6C221553B800DAD048 = {
						CreatedOnToolsVersion = 10.1;
						TestTargetID = 41679E4D221553B400DAD048;
					};
				};
			};
			buildConfigurationList = 41679E49221553B400DAD048 /* Build configuration list for PBXProject "SnoozeLN" */;
			compatibilityVersion = "Xcode 9.3";
			developmentRegion = en;
			hasScannedForEncodings = 0;
			knownRegions = (
				en,
				Base,
			);
			mainGroup = 41679E45221553B400DAD048;
			productRefGroup = 41679E4F221553B400DAD048 /* Products */;
			projectDirPath = "";
			projectRoot = "";
			targets = (
				41679E4D221553B400DAD048 /* SnoozeLN */,
				41679E61221553B700DAD048 /* SnoozeLNTests */,
				41679E6C221553B800DAD048 /* SnoozeLNUITests */,
			);
		};
/* End PBXProject section */

/* Begin PBXResourcesBuildPhase section */
		41679E4C221553B400DAD048 /* Resources */ = {
			isa = PBXResourcesBuildPhase;
			buildActionMask = 2147483647;
			files = (
				41679E5C221553B700DAD048 /* LaunchScreen.storyboard in Resources */,
				41679E59221553B700DAD048 /* Assets.xcassets in Resources */,
				41679E57221553B400DAD048 /* Main.storyboard in Resources */,
			);
			runOnlyForDeploymentPostprocessing = 0;
		};
		41679E60221553B700DAD048 /* Resources */ = {
			isa = PBXResourcesBuildPhase;
			buildActionMask = 2147483647;
			files = (
			);
			runOnlyForDeploymentPostprocessing = 0;
		};
		41679E6B221553B800DAD048 /* Resources */ = {
			isa = PBXResourcesBuildPhase;
			buildActionMask = 2147483647;
			files = (
			);
			runOnlyForDeploymentPostprocessing = 0;
		};
/* End PBXResourcesBuildPhase section */

/* Begin PBXSourcesBuildPhase section */
		41679E4A221553B400DAD048 /* Sources */ = {
			isa = PBXSourcesBuildPhase;
			buildActionMask = 2147483647;
			files = (
				41679E54221553B400DAD048 /* ViewController.swift in Sources */,
				41679E52221553B400DAD048 /* AppDelegate.swift in Sources */,
			);
			runOnlyForDeploymentPostprocessing = 0;
		};
		41679E5E221553B700DAD048 /* Sources */ = {
			isa = PBXSourcesBuildPhase;
			buildActionMask = 2147483647;
			files = (
				41679E67221553B800DAD048 /* SnoozeLNTests.swift in Sources */,
			);
			runOnlyForDeploymentPostprocessing = 0;
		};
		41679E69221553B800DAD048 /* Sources */ = {
			isa = PBXSourcesBuildPhase;
			buildActionMask = 2147483647;
			files = (
				41679E72221553B800DAD048 /* SnoozeLNUITests.swift in Sources */,
			);
			runOnlyForDeploymentPostprocessing = 0;
		};
/* End PBXSourcesBuildPhase section */

/* Begin PBXTargetDependency section */
		41679E64221553B700DAD048 /* PBXTargetDependency */ = {
			isa = PBXTargetDependency;
			target = 41679E4D221553B400DAD048 /* SnoozeLN */;
			targetProxy = 41679E63221553B700DAD048 /* PBXContainerItemProxy */;
		};
		41679E6F221553B800DAD048 /* PBXTargetDependency */ = {
			isa = PBXTargetDependency;
			target = 41679E4D221553B400DAD048 /* SnoozeLN */;
			targetProxy = 41679E6E221553B800DAD048 /* PBXContainerItemProxy */;
		};
/* End PBXTargetDependency section */

/* Begin PBXVariantGroup section */
		41679E55221553B400DAD048 /* Main.storyboard */ = {
			isa = PBXVariantGroup;
			children = (
				41679E56221553B400DAD048 /* Base */,
			);
			name = Main.storyboard;
			sourceTree = "<group>";
		};
		41679E5A221553B700DAD048 /* LaunchScreen.storyboard */ = {
			isa = PBXVariantGroup;
			children = (
				41679E5B221553B700DAD048 /* Base */,
			);
			name = LaunchScreen.storyboard;
			sourceTree = "<group>";
		};
/* End PBXVariantGroup section */

/* Begin XCBuildConfiguration section */
		41679E74221553B800DAD048 /* Debug */ = {
			isa = XCBuildConfiguration;
			buildSettings = {
				ALWAYS_SEARCH_USER_PATHS = NO;
				CLANG_ANALYZER_NONNULL = YES;
				CLANG_ANALYZER_NUMBER_OBJECT_CONVERSION = YES_AGGRESSIVE;
				CLANG_CXX_LANGUAGE_STANDARD = "gnu++14";
				CLANG_CXX_LIBRARY = "libc++";
				CLANG_ENABLE_MODULES = YES;
				CLANG_ENABLE_OBJC_ARC = YES;
				CLANG_ENABLE_OBJC_WEAK = YES;
				CLANG_WARN_BLOCK_CAPTURE_AUTORELEASING = YES;
				CLANG_WARN_BOOL_CONVERSION = YES;
				CLANG_WARN_COMMA = YES;
				CLANG_WARN_CONSTANT_CONVERSION = YES;
				CLANG_WARN_DEPRECATED_OBJC_IMPLEMENTATIONS = YES;
				CLANG_WARN_DIRECT_OBJC_ISA_USAGE = YES_ERROR;
				CLANG_WARN_DOCUMENTATION_COMMENTS = YES;
				CLANG_WARN_EMPTY_BODY = YES;
				CLANG_WARN_ENUM_CONVERSION = YES;
				CLANG_WARN_INFINITE_RECURSION = YES;
				CLANG_WARN_INT_CONVERSION = YES;
				CLANG_WARN_NON_LITERAL_NULL_CONVERSION = YES;
				CLANG_WARN_OBJC_IMPLICIT_RETAIN_SELF = YES;
				CLANG_WARN_OBJC_LITERAL_CONVERSION = YES;
				CLANG_WARN_OBJC_ROOT_CLASS = YES_ERROR;
				CLANG_WARN_RANGE_LOOP_ANALYSIS = YES;
				CLANG_WARN_STRICT_PROTOTYPES = YES;
				CLANG_WARN_SUSPICIOUS_MOVE = YES;
				CLANG_WARN_UNGUARDED_AVAILABILITY = YES_AGGRESSIVE;
				CLANG_WARN_UNREACHABLE_CODE = YES;
				CLANG_WARN__DUPLICATE_METHOD_MATCH = YES;
				CODE_SIGN_IDENTITY = "iPhone Developer";
				COPY_PHASE_STRIP = NO;
				DEBUG_INFORMATION_FORMAT = dwarf;
				ENABLE_STRICT_OBJC_MSGSEND = YES;
				ENABLE_TESTABILITY = YES;
				GCC_C_LANGUAGE_STANDARD = gnu11;
				GCC_DYNAMIC_NO_PIC = NO;
				GCC_NO_COMMON_BLOCKS = YES;
				GCC_OPTIMIZATION_LEVEL = 0;
				GCC_PREPROCESSOR_DEFINITIONS = (
					"DEBUG=1",
					"$(inherited)",
				);
				GCC_WARN_64_TO_32_BIT_CONVERSION = YES;
				GCC_WARN_ABOUT_RETURN_TYPE = YES_ERROR;
				GCC_WARN_UNDECLARED_SELECTOR = YES;
				GCC_WARN_UNINITIALIZED_AUTOS = YES_AGGRESSIVE;
				GCC_WARN_UNUSED_FUNCTION = YES;
				GCC_WARN_UNUSED_VARIABLE = YES;
				IPHONEOS_DEPLOYMENT_TARGET = 12.1;
				MTL_ENABLE_DEBUG_INFO = INCLUDE_SOURCE;
				MTL_FAST_MATH = YES;
				ONLY_ACTIVE_ARCH = YES;
				SDKROOT = iphoneos;
				SWIFT_ACTIVE_COMPILATION_CONDITIONS = DEBUG;
				SWIFT_OPTIMIZATION_LEVEL = "-Onone";
			};
			name = Debug;
		};
		41679E75221553B800DAD048 /* Release */ = {
			isa = XCBuildConfiguration;
			buildSettings = {
				ALWAYS_SEARCH_USER_PATHS = NO;
				CLANG_ANALYZER_NONNULL = YES;
				CLANG_ANALYZER_NUMBER_OBJECT_CONVERSION = YES_AGGRESSIVE;
				CLANG_CXX_LANGUAGE_STANDARD = "gnu++14";
				CLANG_CXX_LIBRARY = "libc++";
				CLANG_ENABLE_MODULES = YES;
				CLANG_ENABLE_OBJC_ARC = YES;
				CLANG_ENABLE_OBJC_WEAK = YES;
				CLANG_WARN_BLOCK_CAPTURE_AUTORELEASING = YES;
				CLANG_WARN_BOOL_CONVERSION = YES;
				CLANG_WARN_COMMA = YES;
				CLANG_WARN_CONSTANT_CONVERSION = YES;
				CLANG_WARN_DEPRECATED_OBJC_IMPLEMENTATIONS = YES;
				CLANG_WARN_DIRECT_OBJC_ISA_USAGE = YES_ERROR;
				CLANG_WARN_DOCUMENTATION_COMMENTS = YES;
				CLANG_WARN_EMPTY_BODY = YES;
				CLANG_WARN_ENUM_CONVERSION = YES;
				CLANG_WARN_INFINITE_RECURSION = YES;
				CLANG_WARN_INT_CONVERSION = YES;
				CLANG_WARN_NON_LITERAL_NULL_CONVERSION = YES;
				CLANG_WARN_OBJC_IMPLICIT_RETAIN_SELF = YES;
				CLANG_WARN_OBJC_LITERAL_CONVERSION = YES;
				CLANG_WARN_OBJC_ROOT_CLASS = YES_ERROR;
				CLANG_WARN_RANGE_LOOP_ANALYSIS = YES;
				CLANG_WARN_STRICT_PROTOTYPES = YES;
				CLANG_WARN_SUSPICIOUS_MOVE = YES;
				CLANG_WARN_UNGUARDED_AVAILABILITY = YES_AGGRESSIVE;
				CLANG_WARN_UNREACHABLE_CODE = YES;
				CLANG_WARN__DUPLICATE_METHOD_MATCH = YES;
				CODE_SIGN_IDENTITY = "iPhone Developer";
				COPY_PHASE_STRIP = NO;
				DEBUG_INFORMATION_FORMAT = "dwarf-with-dsym";
				ENABLE_NS_ASSERTIONS = NO;
				ENABLE_STRICT_OBJC_MSGSEND = YES;
				GCC_C_LANGUAGE_STANDARD = gnu11;
				GCC_NO_COMMON_BLOCKS = YES;
				GCC_WARN_64_TO_32_BIT_CONVERSION = YES;
				GCC_WARN_ABOUT_RETURN_TYPE = YES_ERROR;
				GCC_WARN_UNDECLARED_SELECTOR = YES;
				GCC_WARN_UNINITIALIZED_AUTOS = YES_AGGRESSIVE;
				GCC_WARN_UNUSED_FUNCTION = YES;
				GCC_WARN_UNUSED_VARIABLE = YES;
				IPHONEOS_DEPLOYMENT_TARGET = 12.1;
				MTL_ENABLE_DEBUG_INFO = NO;
				MTL_FAST_MATH = YES;
				SDKROOT = iphoneos;
				SWIFT_COMPILATION_MODE = wholemodule;
				SWIFT_OPTIMIZATION_LEVEL = "-O";
				VALIDATE_PRODUCT = YES;
			};
			name = Release;
		};
		41679E77221553B800DAD048 /* Debug */ = {
			isa = XCBuildConfiguration;
			buildSettings = {
				ASSETCATALOG_COMPILER_APPICON_NAME = AppIcon;
				CODE_SIGN_STYLE = Automatic;
				DEVELOPMENT_TEAM = 84DSE9H62V;
				INFOPLIST_FILE = SnoozeLN/Info.plist;
				LD_RUNPATH_SEARCH_PATHS = (
					"$(inherited)",
					"@executable_path/Frameworks",
				);
				PRODUCT_BUNDLE_IDENTIFIER = Gk.SnoozeLN;
				PRODUCT_NAME = "$(TARGET_NAME)";
				SWIFT_VERSION = 4.2;
				TARGETED_DEVICE_FAMILY = "1,2";
			};
			name = Debug;
		};
		41679E78221553B800DAD048 /* Release */ = {
			isa = XCBuildConfiguration;
			buildSettings = {
				ASSETCATALOG_COMPILER_APPICON_NAME = AppIcon;
				CODE_SIGN_STYLE = Automatic;
				DEVELOPMENT_TEAM = 84DSE9H62V;
				INFOPLIST_FILE = SnoozeLN/Info.plist;
				LD_RUNPATH_SEARCH_PATHS = (
					"$(inherited)",
					"@executable_path/Frameworks",
				);
				PRODUCT_BUNDLE_IDENTIFIER = Gk.SnoozeLN;
				PRODUCT_NAME = "$(TARGET_NAME)";
				SWIFT_VERSION = 4.2;
				TARGETED_DEVICE_FAMILY = "1,2";
			};
			name = Release;
		};
		41679E7A221553B800DAD048 /* Debug */ = {
			isa = XCBuildConfiguration;
			buildSettings = {
				ALWAYS_EMBED_SWIFT_STANDARD_LIBRARIES = YES;
				BUNDLE_LOADER = "$(TEST_HOST)";
				CODE_SIGN_STYLE = Automatic;
				DEVELOPMENT_TEAM = 84DSE9H62V;
				INFOPLIST_FILE = SnoozeLNTests/Info.plist;
				LD_RUNPATH_SEARCH_PATHS = (
					"$(inherited)",
					"@executable_path/Frameworks",
					"@loader_path/Frameworks",
				);
				PRODUCT_BUNDLE_IDENTIFIER = Gk.SnoozeLNTests;
				PRODUCT_NAME = "$(TARGET_NAME)";
				SWIFT_VERSION = 4.2;
				TARGETED_DEVICE_FAMILY = "1,2";
				TEST_HOST = "$(BUILT_PRODUCTS_DIR)/SnoozeLN.app/SnoozeLN";
			};
			name = Debug;
		};
		41679E7B221553B800DAD048 /* Release */ = {
			isa = XCBuildConfiguration;
			buildSettings = {
				ALWAYS_EMBED_SWIFT_STANDARD_LIBRARIES = YES;
				BUNDLE_LOADER = "$(TEST_HOST)";
				CODE_SIGN_STYLE = Automatic;
				DEVELOPMENT_TEAM = 84DSE9H62V;
				INFOPLIST_FILE = SnoozeLNTests/Info.plist;
				LD_RUNPATH_SEARCH_PATHS = (
					"$(inherited)",
					"@executable_path/Frameworks",
					"@loader_path/Frameworks",
				);
				PRODUCT_BUNDLE_IDENTIFIER = Gk.SnoozeLNTests;
				PRODUCT_NAME = "$(TARGET_NAME)";
				SWIFT_VERSION = 4.2;
				TARGETED_DEVICE_FAMILY = "1,2";
				TEST_HOST = "$(BUILT_PRODUCTS_DIR)/SnoozeLN.app/SnoozeLN";
			};
			name = Release;
		};
		41679E7D221553B800DAD048 /* Debug */ = {
			isa = XCBuildConfiguration;
			buildSettings = {
				ALWAYS_EMBED_SWIFT_STANDARD_LIBRARIES = YES;
				CODE_SIGN_STYLE = Automatic;
				DEVELOPMENT_TEAM = 84DSE9H62V;
				INFOPLIST_FILE = SnoozeLNUITests/Info.plist;
				LD_RUNPATH_SEARCH_PATHS = (
					"$(inherited)",
					"@executable_path/Frameworks",
					"@loader_path/Frameworks",
				);
				PRODUCT_BUNDLE_IDENTIFIER = Gk.SnoozeLNUITests;
				PRODUCT_NAME = "$(TARGET_NAME)";
				SWIFT_VERSION = 4.2;
				TARGETED_DEVICE_FAMILY = "1,2";
				TEST_TARGET_NAME = SnoozeLN;
			};
			name = Debug;
		};
		41679E7E221553B800DAD048 /* Release */ = {
			isa = XCBuildConfiguration;
			buildSettings = {
				ALWAYS_EMBED_SWIFT_STANDARD_LIBRARIES = YES;
				CODE_SIGN_STYLE = Automatic;
				DEVELOPMENT_TEAM = 84DSE9H62V;
				INFOPLIST_FILE = SnoozeLNUITests/Info.plist;
				LD_RUNPATH_SEARCH_PATHS = (
					"$(inherited)",
					"@executable_path/Frameworks",
					"@loader_path/Frameworks",
				);
				PRODUCT_BUNDLE_IDENTIFIER = Gk.SnoozeLNUITests;
				PRODUCT_NAME = "$(TARGET_NAME)";
				SWIFT_VERSION = 4.2;
				TARGETED_DEVICE_FAMILY = "1,2";
				TEST_TARGET_NAME = SnoozeLN;
			};
			name = Release;
		};
/* End XCBuildConfiguration section */

/* Begin XCConfigurationList section */
		41679E49221553B400DAD048 /* Build configuration list for PBXProject "SnoozeLN" */ = {
			isa = XCConfigurationList;
			buildConfigurations = (
				41679E74221553B800DAD048 /* Debug */,
				41679E75221553B800DAD048 /* Release */,
			);
			defaultConfigurationIsVisible = 0;
			defaultConfigurationName = Release;
		};
		41679E76221553B800DAD048 /* Build configuration list for PBXNativeTarget "SnoozeLN" */ = {
			isa = XCConfigurationList;
			buildConfigurations = (
				41679E77221553B800DAD048 /* Debug */,
				41679E78221553B800DAD048 /* Release */,
			);
			defaultConfigurationIsVisible = 0;
			defaultConfigurationName = Release;
		};
		41679E79221553B800DAD048 /* Build configuration list for PBXNativeTarget "SnoozeLNTests" */ = {
			isa = XCConfigurationList;
			buildConfigurations = (
				41679E7A221553B800DAD048 /* Debug */,
				41679E7B221553B800DAD048 /* Release */,
			);
			defaultConfigurationIsVisible = 0;
			defaultConfigurationName = Release;
		};
		41679E7C221553B800DAD048 /* Build configuration list for PBXNativeTarget "SnoozeLNUITests" */ = {
			isa = XCConfigurationList;
			buildConfigurations = (
				41679E7D221553B800DAD048 /* Debug */,
				41679E7E221553B800DAD048 /* Release */,
			);
			defaultConfigurationIsVisible = 0;
			defaultConfigurationName = Release;
		};
/* End XCConfigurationList section */
	};
	rootObject = 41679E46221553B400DAD048 /* Project object */;
}
